// !$*UTF8*$!
{
	archiveVersion = 1;
	classes = {
	};
	objectVersion = 56;
	objects = {

/* Begin PBXBuildFile section */
		5A7640082A1401AD0036B132 /* WisdomLeafProjectApp.swift in Sources */ = {isa = PBXBuildFile; fileRef = 5A7640072A1401AD0036B132 /* WisdomLeafProjectApp.swift */; };
		5A76400A2A1401AD0036B132 /* ContentView.swift in Sources */ = {isa = PBXBuildFile; fileRef = 5A7640092A1401AD0036B132 /* ContentView.swift */; };
		5A76400C2A1401B10036B132 /* Assets.xcassets in Resources */ = {isa = PBXBuildFile; fileRef = 5A76400B2A1401B10036B132 /* Assets.xcassets */; };
		5A76400F2A1401B10036B132 /* Preview Assets.xcassets in Resources */ = {isa = PBXBuildFile; fileRef = 5A76400E2A1401B10036B132 /* Preview Assets.xcassets */; };
		5A7640172A1401D30036B132 /* Item.swift in Sources */ = {isa = PBXBuildFile; fileRef = 5A7640162A1401D30036B132 /* Item.swift */; };
		5A76401A2A1402600036B132 /* ItemRowView.swift in Sources */ = {isa = PBXBuildFile; fileRef = 5A7640192A1402600036B132 /* ItemRowView.swift */; };
		5A76401C2A14027F0036B132 /* ItemDetailView.swift in Sources */ = {isa = PBXBuildFile; fileRef = 5A76401B2A14027F0036B132 /* ItemDetailView.swift */; };
		5A76401F2A1402EA0036B132 /* ItemViewModel.swift in Sources */ = {isa = PBXBuildFile; fileRef = 5A76401E2A1402EA0036B132 /* ItemViewModel.swift */; };
		5A7640212A14079E0036B132 /* SplashScreen.swift in Sources */ = {isa = PBXBuildFile; fileRef = 5A7640202A14079E0036B132 /* SplashScreen.swift */; };
/* End PBXBuildFile section */

/* Begin PBXFileReference section */
		5A7640042A1401AD0036B132 /* WisdomLeafProject.app */ = {isa = PBXFileReference; explicitFileType = wrapper.application; includeInIndex = 0; path = WisdomLeafProject.app; sourceTree = BUILT_PRODUCTS_DIR; };
		5A7640072A1401AD0036B132 /* WisdomLeafProjectApp.swift */ = {isa = PBXFileReference; lastKnownFileType = sourcecode.swift; path = WisdomLeafProjectApp.swift; sourceTree = "<group>"; };
		5A7640092A1401AD0036B132 /* ContentView.swift */ = {isa = PBXFileReference; lastKnownFileType = sourcecode.swift; path = ContentView.swift; sourceTree = "<group>"; };
		5A76400B2A1401B10036B132 /* Assets.xcassets */ = {isa = PBXFileReference; lastKnownFileType = folder.assetcatalog; path = Assets.xcassets; sourceTree = "<group>"; };
		5A76400E2A1401B10036B132 /* Preview Assets.xcassets */ = {isa = PBXFileReference; lastKnownFileType = folder.assetcatalog; path = "Preview Assets.xcassets"; sourceTree = "<group>"; };
		5A7640162A1401D30036B132 /* Item.swift */ = {isa = PBXFileReference; lastKnownFileType = sourcecode.swift; path = Item.swift; sourceTree = "<group>"; };
		5A7640192A1402600036B132 /* ItemRowView.swift */ = {isa = PBXFileReference; lastKnownFileType = sourcecode.swift; path = ItemRowView.swift; sourceTree = "<group>"; };
		5A76401B2A14027F0036B132 /* ItemDetailView.swift */ = {isa = PBXFileReference; lastKnownFileType = sourcecode.swift; path = ItemDetailView.swift; sourceTree = "<group>"; };
		5A76401E2A1402EA0036B132 /* ItemViewModel.swift */ = {isa = PBXFileReference; lastKnownFileType = sourcecode.swift; path = ItemViewModel.swift; sourceTree = "<group>"; };
		5A7640202A14079E0036B132 /* SplashScreen.swift */ = {isa = PBXFileReference; lastKnownFileType = sourcecode.swift; path = SplashScreen.swift; sourceTree = "<group>"; };
/* End PBXFileReference section */

/* Begin PBXFrameworksBuildPhase section */
		5A7640012A1401AD0036B132 /* Frameworks */ = {
			isa = PBXFrameworksBuildPhase;
			buildActionMask = 2147483647;
			files = (
			);
			runOnlyForDeploymentPostprocessing = 0;
		};
/* End PBXFrameworksBuildPhase section */

/* Begin PBXGroup section */
		5A763FFB2A1401AD0036B132 = {
			isa = PBXGroup;
			children = (
				5A7640062A1401AD0036B132 /* WisdomLeafProject */,
				5A7640052A1401AD0036B132 /* Products */,
			);
			sourceTree = "<group>";
		};
		5A7640052A1401AD0036B132 /* Products */ = {
			isa = PBXGroup;
			children = (
				5A7640042A1401AD0036B132 /* WisdomLeafProject.app */,
			);
			name = Products;
			sourceTree = "<group>";
		};
		5A7640062A1401AD0036B132 /* WisdomLeafProject */ = {
			isa = PBXGroup;
			children = (
				5A7640072A1401AD0036B132 /* WisdomLeafProjectApp.swift */,
				5A7640202A14079E0036B132 /* SplashScreen.swift */,
				5A7640152A1401C60036B132 /* Model */,
				5A7640182A1401F00036B132 /* View */,
				5A76401D2A1402BC0036B132 /* Controller */,
				5A76400B2A1401B10036B132 /* Assets.xcassets */,
				5A76400D2A1401B10036B132 /* Preview Content */,
			);
			path = WisdomLeafProject;
			sourceTree = "<group>";
		};
		5A76400D2A1401B10036B132 /* Preview Content */ = {
			isa = PBXGroup;
			children = (
				5A76400E2A1401B10036B132 /* Preview Assets.xcassets */,
			);
			path = "Preview Content";
			sourceTree = "<group>";
		};
		5A7640152A1401C60036B132 /* Model */ = {
			isa = PBXGroup;
			children = (
				5A7640162A1401D30036B132 /* Item.swift */,
			);
			path = Model;
			sourceTree = "<group>";
		};
		5A7640182A1401F00036B132 /* View */ = {
			isa = PBXGroup;
			children = (
				5A7640092A1401AD0036B132 /* ContentView.swift */,
				5A7640192A1402600036B132 /* ItemRowView.swift */,
				5A76401B2A14027F0036B132 /* ItemDetailView.swift */,
			);
			path = View;
			sourceTree = "<group>";
		};
		5A76401D2A1402BC0036B132 /* Controller */ = {
			isa = PBXGroup;
			children = (
				5A76401E2A1402EA0036B132 /* ItemViewModel.swift */,
			);
			path = Controller;
			sourceTree = "<group>";
		};
/* End PBXGroup section */

/* Begin PBXNativeTarget section */
		5A7640032A1401AD0036B132 /* WisdomLeafProject */ = {
			isa = PBXNativeTarget;
			buildConfigurationList = 5A7640122A1401B10036B132 /* Build configuration list for PBXNativeTarget "WisdomLeafProject" */;
			buildPhases = (
				5A7640002A1401AD0036B132 /* Sources */,
				5A7640012A1401AD0036B132 /* Frameworks */,
				5A7640022A1401AD0036B132 /* Resources */,
			);
			buildRules = (
			);
			dependencies = (
			);
			name = WisdomLeafProject;
			productName = WisdomLeafProject;
			productReference = 5A7640042A1401AD0036B132 /* WisdomLeafProject.app */;
			productType = "com.apple.product-type.application";
		};
/* End PBXNativeTarget section */

/* Begin PBXProject section */
		5A763FFC2A1401AD0036B132 /* Project object */ = {
			isa = PBXProject;
			attributes = {
				BuildIndependentTargetsInParallel = 1;
				LastSwiftUpdateCheck = 1430;
				LastUpgradeCheck = 1430;
				TargetAttributes = {
					5A7640032A1401AD0036B132 = {
						CreatedOnToolsVersion = 14.3;
					};
				};
			};
			buildConfigurationList = 5A763FFF2A1401AD0036B132 /* Build configuration list for PBXProject "WisdomLeafProject" */;
			compatibilityVersion = "Xcode 14.0";
			developmentRegion = en;
			hasScannedForEncodings = 0;
			knownRegions = (
				en,
				Base,
			);
			mainGroup = 5A763FFB2A1401AD0036B132;
			productRefGroup = 5A7640052A1401AD0036B132 /* Products */;
			projectDirPath = "";
			projectRoot = "";
			targets = (
				5A7640032A1401AD0036B132 /* WisdomLeafProject */,
			);
		};
/* End PBXProject section */

/* Begin PBXResourcesBuildPhase section */
		5A7640022A1401AD0036B132 /* Resources */ = {
			isa = PBXResourcesBuildPhase;
			buildActionMask = 2147483647;
			files = (
				5A76400F2A1401B10036B132 /* Preview Assets.xcassets in Resources */,
				5A76400C2A1401B10036B132 /* Assets.xcassets in Resources */,
			);
			runOnlyForDeploymentPostprocessing = 0;
		};
/* End PBXResourcesBuildPhase section */

/* Begin PBXSourcesBuildPhase section */
		5A7640002A1401AD0036B132 /* Sources */ = {
			isa = PBXSourcesBuildPhase;
			buildActionMask = 2147483647;
			files = (
				5A76401C2A14027F0036B132 /* ItemDetailView.swift in Sources */,
				5A76400A2A1401AD0036B132 /* ContentView.swift in Sources */,
				5A7640212A14079E0036B132 /* SplashScreen.swift in Sources */,
				5A7640172A1401D30036B132 /* Item.swift in Sources */,
				5A76401A2A1402600036B132 /* ItemRowView.swift in Sources */,
				5A7640082A1401AD0036B132 /* WisdomLeafProjectApp.swift in Sources */,
				5A76401F2A1402EA0036B132 /* ItemViewModel.swift in Sources */,
			);
			runOnlyForDeploymentPostprocessing = 0;
		};
/* End PBXSourcesBuildPhase section */

/* Begin XCBuildConfiguration section */
		5A7640102A1401B10036B132 /* Debug */ = {
			isa = XCBuildConfiguration;
			buildSettings = {
				ALWAYS_SEARCH_USER_PATHS = NO;
				CLANG_ANALYZER_NONNULL = YES;
				CLANG_ANALYZER_NUMBER_OBJECT_CONVERSION = YES_AGGRESSIVE;
				CLANG_CXX_LANGUAGE_STANDARD = "gnu++20";
				CLANG_ENABLE_MODULES = YES;
				CLANG_ENABLE_OBJC_ARC = YES;
				CLANG_ENABLE_OBJC_WEAK = YES;
				CLANG_WARN_BLOCK_CAPTURE_AUTORELEASING = YES;
				CLANG_WARN_BOOL_CONVERSION = YES;
				CLANG_WARN_COMMA = YES;
				CLANG_WARN_CONSTANT_CONVERSION = YES;
				CLANG_WARN_DEPRECATED_OBJC_IMPLEMENTATIONS = YES;
				CLANG_WARN_DIRECT_OBJC_ISA_USAGE = YES_ERROR;
				CLANG_WARN_DOCUMENTATION_COMMENTS = YES;
				CLANG_WARN_EMPTY_BODY = YES;
				CLANG_WARN_ENUM_CONVERSION = YES;
				CLANG_WARN_INFINITE_RECURSION = YES;
				CLANG_WARN_INT_CONVERSION = YES;
				CLANG_WARN_NON_LITERAL_NULL_CONVERSION = YES;
				CLANG_WARN_OBJC_IMPLICIT_RETAIN_SELF = YES;
				CLANG_WARN_OBJC_LITERAL_CONVERSION = YES;
				CLANG_WARN_OBJC_ROOT_CLASS = YES_ERROR;
				CLANG_WARN_QUOTED_INCLUDE_IN_FRAMEWORK_HEADER = YES;
				CLANG_WARN_RANGE_LOOP_ANALYSIS = YES;
				CLANG_WARN_STRICT_PROTOTYPES = YES;
				CLANG_WARN_SUSPICIOUS_MOVE = YES;
				CLANG_WARN_UNGUARDED_AVAILABILITY = YES_AGGRESSIVE;
				CLANG_WARN_UNREACHABLE_CODE = YES;
				CLANG_WARN__DUPLICATE_METHOD_MATCH = YES;
				COPY_PHASE_STRIP = NO;
				DEBUG_INFORMATION_FORMAT = dwarf;
				ENABLE_STRICT_OBJC_MSGSEND = YES;
				ENABLE_TESTABILITY = YES;
				GCC_C_LANGUAGE_STANDARD = gnu11;
				GCC_DYNAMIC_NO_PIC = NO;
				GCC_NO_COMMON_BLOCKS = YES;
				GCC_OPTIMIZATION_LEVEL = 0;
				GCC_PREPROCESSOR_DEFINITIONS = (
					"DEBUG=1",
					"$(inherited)",
				);
				GCC_WARN_64_TO_32_BIT_CONVERSION = YES;
				GCC_WARN_ABOUT_RETURN_TYPE = YES_ERROR;
				GCC_WARN_UNDECLARED_SELECTOR = YES;
				GCC_WARN_UNINITIALIZED_AUTOS = YES_AGGRESSIVE;
				GCC_WARN_UNUSED_FUNCTION = YES;
				GCC_WARN_UNUSED_VARIABLE = YES;
				IPHONEOS_DEPLOYMENT_TARGET = 16.4;
				MTL_ENABLE_DEBUG_INFO = INCLUDE_SOURCE;
				MTL_FAST_MATH = YES;
				ONLY_ACTIVE_ARCH = YES;
				SDKROOT = iphoneos;
				SWIFT_ACTIVE_COMPILATION_CONDITIONS = DEBUG;
				SWIFT_OPTIMIZATION_LEVEL = "-Onone";
			};
			name = Debug;
		};
		5A7640112A1401B10036B132 /* Release */ = {
			isa = XCBuildConfiguration;
			buildSettings = {
				ALWAYS_SEARCH_USER_PATHS = NO;
				CLANG_ANALYZER_NONNULL = YES;
				CLANG_ANALYZER_NUMBER_OBJECT_CONVERSION = YES_AGGRESSIVE;
				CLANG_CXX_LANGUAGE_STANDARD = "gnu++20";
				CLANG_ENABLE_MODULES = YES;
				CLANG_ENABLE_OBJC_ARC = YES;
				CLANG_ENABLE_OBJC_WEAK = YES;
				CLANG_WARN_BLOCK_CAPTURE_AUTORELEASING = YES;
				CLANG_WARN_BOOL_CONVERSION = YES;
				CLANG_WARN_COMMA = YES;
				CLANG_WARN_CONSTANT_CONVERSION = YES;
				CLANG_WARN_DEPRECATED_OBJC_IMPLEMENTATIONS = YES;
				CLANG_WARN_DIRECT_OBJC_ISA_USAGE = YES_ERROR;
				CLANG_WARN_DOCUMENTATION_COMMENTS = YES;
				CLANG_WARN_EMPTY_BODY = YES;
				CLANG_WARN_ENUM_CONVERSION = YES;
				CLANG_WARN_INFINITE_RECURSION = YES;
				CLANG_WARN_INT_CONVERSION = YES;
				CLANG_WARN_NON_LITERAL_NULL_CONVERSION = YES;
				CLANG_WARN_OBJC_IMPLICIT_RETAIN_SELF = YES;
				CLANG_WARN_OBJC_LITERAL_CONVERSION = YES;
				CLANG_WARN_OBJC_ROOT_CLASS = YES_ERROR;
				CLANG_WARN_QUOTED_INCLUDE_IN_FRAMEWORK_HEADER = YES;
				CLANG_WARN_RANGE_LOOP_ANALYSIS = YES;
				CLANG_WARN_STRICT_PROTOTYPES = YES;
				CLANG_WARN_SUSPICIOUS_MOVE = YES;
				CLANG_WARN_UNGUARDED_AVAILABILITY = YES_AGGRESSIVE;
				CLANG_WARN_UNREACHABLE_CODE = YES;
				CLANG_WARN__DUPLICATE_METHOD_MATCH = YES;
				COPY_PHASE_STRIP = NO;
				DEBUG_INFORMATION_FORMAT = "dwarf-with-dsym";
				ENABLE_NS_ASSERTIONS = NO;
				ENABLE_STRICT_OBJC_MSGSEND = YES;
				GCC_C_LANGUAGE_STANDARD = gnu11;
				GCC_NO_COMMON_BLOCKS = YES;
				GCC_WARN_64_TO_32_BIT_CONVERSION = YES;
				GCC_WARN_ABOUT_RETURN_TYPE = YES_ERROR;
				GCC_WARN_UNDECLARED_SELECTOR = YES;
				GCC_WARN_UNINITIALIZED_AUTOS = YES_AGGRESSIVE;
				GCC_WARN_UNUSED_FUNCTION = YES;
				GCC_WARN_UNUSED_VARIABLE = YES;
				IPHONEOS_DEPLOYMENT_TARGET = 16.4;
				MTL_ENABLE_DEBUG_INFO = NO;
				MTL_FAST_MATH = YES;
				SDKROOT = iphoneos;
				SWIFT_COMPILATION_MODE = wholemodule;
				SWIFT_OPTIMIZATION_LEVEL = "-O";
				VALIDATE_PRODUCT = YES;
			};
			name = Release;
		};
		5A7640132A1401B10036B132 /* Debug */ = {
			isa = XCBuildConfiguration;
			buildSettings = {
				ASSETCATALOG_COMPILER_APPICON_NAME = AppIcon;
				ASSETCATALOG_COMPILER_GLOBAL_ACCENT_COLOR_NAME = AccentColor;
				CODE_SIGN_STYLE = Automatic;
				CURRENT_PROJECT_VERSION = 1;
				DEVELOPMENT_ASSET_PATHS = "\"WisdomLeafProject/Preview Content\"";
				DEVELOPMENT_TEAM = 9N9Q899K7J;
				ENABLE_PREVIEWS = YES;
				GENERATE_INFOPLIST_FILE = YES;
				INFOPLIST_KEY_UIApplicationSceneManifest_Generation = YES;
				INFOPLIST_KEY_UIApplicationSupportsIndirectInputEvents = YES;
				INFOPLIST_KEY_UILaunchScreen_Generation = YES;
				INFOPLIST_KEY_UISupportedInterfaceOrientations_iPad = "UIInterfaceOrientationPortrait UIInterfaceOrientationPortraitUpsideDown UIInterfaceOrientationLandscapeLeft UIInterfaceOrientationLandscapeRight";
				INFOPLIST_KEY_UISupportedInterfaceOrientations_iPhone = "UIInterfaceOrientationPortrait UIInterfaceOrientationLandscapeLeft UIInterfaceOrientationLandscapeRight";
				LD_RUNPATH_SEARCH_PATHS = (
					"$(inherited)",
					"@executable_path/Frameworks",
				);
				MARKETING_VERSION = 1.0;
				PRODUCT_BUNDLE_IDENTIFIER = Swapnil.WisdomLeafProject;
				PRODUCT_NAME = "$(TARGET_NAME)";
				SWIFT_EMIT_LOC_STRINGS = YES;
				SWIFT_VERSION = 5.0;
				TARGETED_DEVICE_FAMILY = "1,2";
			};
			name = Debug;
		};
		5A7640142A1401B10036B132 /* Release */ = {
			isa = XCBuildConfiguration;
			buildSettings = {
				ASSETCATALOG_COMPILER_APPICON_NAME = AppIcon;
				ASSETCATALOG_COMPILER_GLOBAL_ACCENT_COLOR_NAME = AccentColor;
				CODE_SIGN_STYLE = Automatic;
				CURRENT_PROJECT_VERSION = 1;
				DEVELOPMENT_ASSET_PATHS = "\"WisdomLeafProject/Preview Content\"";
				DEVELOPMENT_TEAM = 9N9Q899K7J;
				ENABLE_PREVIEWS = YES;
				GENERATE_INFOPLIST_FILE = YES;
				INFOPLIST_KEY_UIApplicationSceneManifest_Generation = YES;
				INFOPLIST_KEY_UIApplicationSupportsIndirectInputEvents = YES;
				INFOPLIST_KEY_UILaunchScreen_Generation = YES;
				INFOPLIST_KEY_UISupportedInterfaceOrientations_iPad = "UIInterfaceOrientationPortrait UIInterfaceOrientationPortraitUpsideDown UIInterfaceOrientationLandscapeLeft UIInterfaceOrientationLandscapeRight";
				INFOPLIST_KEY_UISupportedInterfaceOrientations_iPhone = "UIInterfaceOrientationPortrait UIInterfaceOrientationLandscapeLeft UIInterfaceOrientationLandscapeRight";
				LD_RUNPATH_SEARCH_PATHS = (
					"$(inherited)",
					"@executable_path/Frameworks",
				);
				MARKETING_VERSION = 1.0;
				PRODUCT_BUNDLE_IDENTIFIER = Swapnil.WisdomLeafProject;
				PRODUCT_NAME = "$(TARGET_NAME)";
				SWIFT_EMIT_LOC_STRINGS = YES;
				SWIFT_VERSION = 5.0;
				TARGETED_DEVICE_FAMILY = "1,2";
			};
			name = Release;
		};
/* End XCBuildConfiguration section */

/* Begin XCConfigurationList section */
		5A763FFF2A1401AD0036B132 /* Build configuration list for PBXProject "WisdomLeafProject" */ = {
			isa = XCConfigurationList;
			buildConfigurations = (
				5A7640102A1401B10036B132 /* Debug */,
				5A7640112A1401B10036B132 /* Release */,
			);
			defaultConfigurationIsVisible = 0;
			defaultConfigurationName = Release;
		};
		5A7640122A1401B10036B132 /* Build configuration list for PBXNativeTarget "WisdomLeafProject" */ = {
			isa = XCConfigurationList;
			buildConfigurations = (
				5A7640132A1401B10036B132 /* Debug */,
				5A7640142A1401B10036B132 /* Release */,
			);
			defaultConfigurationIsVisible = 0;
			defaultConfigurationName = Release;
		};
/* End XCConfigurationList section */
	};
	rootObject = 5A763FFC2A1401AD0036B132 /* Project object */;
}
